// !$*UTF8*$!
{
	archiveVersion = 1;
	classes = {
	};
	objectVersion = 55;
	objects = {

/* Begin PBXBuildFile section */
		4105A33627822653003902A8 /* UIButton+Style.swift in Sources */ = {isa = PBXBuildFile; fileRef = 4105A33527822653003902A8 /* UIButton+Style.swift */; };
		4105A33827822681003902A8 /* UIImage+createFromColor.swift in Sources */ = {isa = PBXBuildFile; fileRef = 4105A33727822681003902A8 /* UIImage+createFromColor.swift */; };
		410D62092778A54B00CB6B05 /* SwiftExtensions.h in Headers */ = {isa = PBXBuildFile; fileRef = 410D62082778A54B00CB6B05 /* SwiftExtensions.h */; settings = {ATTRIBUTES = (Public, ); }; };
		410D620D2778A56800CB6B05 /* BaseTypes.swift in Sources */ = {isa = PBXBuildFile; fileRef = 41440A5C27778ECA008BBF07 /* BaseTypes.swift */; };
		410D620E2778A56800CB6B05 /* Collection+Extensions.swift in Sources */ = {isa = PBXBuildFile; fileRef = 41440A5E27778ECA008BBF07 /* Collection+Extensions.swift */; };
		410D620F2778A56800CB6B05 /* String+Extensions.swift in Sources */ = {isa = PBXBuildFile; fileRef = 41440A5A27778ECA008BBF07 /* String+Extensions.swift */; };
		410D62102778A56800CB6B05 /* Double+Extensions.swift in Sources */ = {isa = PBXBuildFile; fileRef = 41440A5B27778ECA008BBF07 /* Double+Extensions.swift */; };
		410D62112778A56800CB6B05 /* HasApply.swift in Sources */ = {isa = PBXBuildFile; fileRef = 41440A55277788B0008BBF07 /* HasApply.swift */; };
		410D621B2778A8E200CB6B05 /* CombineViper.h in Headers */ = {isa = PBXBuildFile; fileRef = 410D621A2778A8E200CB6B05 /* CombineViper.h */; settings = {ATTRIBUTES = (Public, ); }; };
		410D622B2778AA0200CB6B05 /* BaseRouter.swift in Sources */ = {isa = PBXBuildFile; fileRef = 410D62202778AA0200CB6B05 /* BaseRouter.swift */; };
		410D622C2778AA0200CB6B05 /* ModuleAssembler.swift in Sources */ = {isa = PBXBuildFile; fileRef = 410D62212778AA0200CB6B05 /* ModuleAssembler.swift */; };
		410D622D2778AA0200CB6B05 /* BaseProtocols.swift in Sources */ = {isa = PBXBuildFile; fileRef = 410D62222778AA0200CB6B05 /* BaseProtocols.swift */; };
		410D622E2778AA0200CB6B05 /* RouterProtocol+Typealiases.swift in Sources */ = {isa = PBXBuildFile; fileRef = 410D62232778AA0200CB6B05 /* RouterProtocol+Typealiases.swift */; };
		410D622F2778AA0200CB6B05 /* BaseInteractor.swift in Sources */ = {isa = PBXBuildFile; fileRef = 410D62242778AA0200CB6B05 /* BaseInteractor.swift */; };
		410D62302778AA0200CB6B05 /* Base.storyboard in Resources */ = {isa = PBXBuildFile; fileRef = 410D62252778AA0200CB6B05 /* Base.storyboard */; };
		410D62312778AA0200CB6B05 /* BaseViewController.swift in Sources */ = {isa = PBXBuildFile; fileRef = 410D62262778AA0200CB6B05 /* BaseViewController.swift */; };
		410D62322778AA0200CB6B05 /* BusyIndicatorViewController.swift in Sources */ = {isa = PBXBuildFile; fileRef = 410D62272778AA0200CB6B05 /* BusyIndicatorViewController.swift */; };
		410D62332778AA0200CB6B05 /* BasePresenter.swift in Sources */ = {isa = PBXBuildFile; fileRef = 410D62282778AA0200CB6B05 /* BasePresenter.swift */; };
		410D62342778AA0200CB6B05 /* BaseCell.swift in Sources */ = {isa = PBXBuildFile; fileRef = 410D62292778AA0200CB6B05 /* BaseCell.swift */; };
		410D62352778AA0200CB6B05 /* BaseAssembly.swift in Sources */ = {isa = PBXBuildFile; fileRef = 410D622A2778AA0200CB6B05 /* BaseAssembly.swift */; };
		410D62362778ADE600CB6B05 /* UIKitExtensions.framework in Frameworks */ = {isa = PBXBuildFile; fileRef = 41440A4927778830008BBF07 /* UIKitExtensions.framework */; platformFilter = ios; };
		410D62372778ADE600CB6B05 /* UIKitExtensions.framework in Embed Frameworks */ = {isa = PBXBuildFile; fileRef = 41440A4927778830008BBF07 /* UIKitExtensions.framework */; settings = {ATTRIBUTES = (CodeSignOnCopy, RemoveHeadersOnCopy, ); }; };
		410D623B2778ADF400CB6B05 /* SwiftExtensions.framework in Frameworks */ = {isa = PBXBuildFile; fileRef = 410D62062778A54B00CB6B05 /* SwiftExtensions.framework */; platformFilter = ios; };
		410D623C2778ADF400CB6B05 /* SwiftExtensions.framework in Embed Frameworks */ = {isa = PBXBuildFile; fileRef = 410D62062778A54B00CB6B05 /* SwiftExtensions.framework */; settings = {ATTRIBUTES = (CodeSignOnCopy, RemoveHeadersOnCopy, ); }; };
		410D62402778AE5E00CB6B05 /* UIKit+Apply.swift in Sources */ = {isa = PBXBuildFile; fileRef = 410D623F2778AE5E00CB6B05 /* UIKit+Apply.swift */; };
		410D62472778AF9C00CB6B05 /* Theme.swift in Sources */ = {isa = PBXBuildFile; fileRef = 410D62432778AF9C00CB6B05 /* Theme.swift */; };
		410D62482778AF9C00CB6B05 /* Theme+Notification.swift in Sources */ = {isa = PBXBuildFile; fileRef = 410D62442778AF9C00CB6B05 /* Theme+Notification.swift */; };
		410D62492778AF9C00CB6B05 /* Theme+UIKit.swift in Sources */ = {isa = PBXBuildFile; fileRef = 410D62452778AF9C00CB6B05 /* Theme+UIKit.swift */; };
		410D624E2778B06A00CB6B05 /* UIAlertController+makeActionSheetWithTextField.swift in Sources */ = {isa = PBXBuildFile; fileRef = 410D624B2778B06A00CB6B05 /* UIAlertController+makeActionSheetWithTextField.swift */; };
		410D624F2778B06A00CB6B05 /* UIAlertController+makeDefaultActionSheet.swift in Sources */ = {isa = PBXBuildFile; fileRef = 410D624C2778B06A00CB6B05 /* UIAlertController+makeDefaultActionSheet.swift */; };
		410D62502778B06A00CB6B05 /* UIAlertController+Factoring.swift in Sources */ = {isa = PBXBuildFile; fileRef = 410D624D2778B06A00CB6B05 /* UIAlertController+Factoring.swift */; };
		410D62522778B11300CB6B05 /* DI.swift in Sources */ = {isa = PBXBuildFile; fileRef = 410D62512778B11300CB6B05 /* DI.swift */; };
		410D62542778B37D00CB6B05 /* UIViewController+Extensions.swift in Sources */ = {isa = PBXBuildFile; fileRef = 410D62532778B37D00CB6B05 /* UIViewController+Extensions.swift */; };
		410D62562778B3C600CB6B05 /* UITableViewCell+CellFactoring.swift in Sources */ = {isa = PBXBuildFile; fileRef = 410D62552778B3C600CB6B05 /* UITableViewCell+CellFactoring.swift */; };
		41440A4F27778830008BBF07 /* UIKitExtensions.h in Headers */ = {isa = PBXBuildFile; fileRef = 41440A4C27778830008BBF07 /* UIKitExtensions.h */; settings = {ATTRIBUTES = (Public, ); }; };
		41440A7127779241008BBF07 /* GradientSpecification.swift in Sources */ = {isa = PBXBuildFile; fileRef = 41440A6C27779241008BBF07 /* GradientSpecification.swift */; };
		41440A7227779241008BBF07 /* UIView+Gradient.swift in Sources */ = {isa = PBXBuildFile; fileRef = 41440A6D27779241008BBF07 /* UIView+Gradient.swift */; };
		41440A7327779241008BBF07 /* CAGradientLayer+Factoring.swift in Sources */ = {isa = PBXBuildFile; fileRef = 41440A6E27779241008BBF07 /* CAGradientLayer+Factoring.swift */; };
		41440A7427779241008BBF07 /* UINavigationBar+Gradient.swift in Sources */ = {isa = PBXBuildFile; fileRef = 41440A6F27779241008BBF07 /* UINavigationBar+Gradient.swift */; };
		41440A7527779241008BBF07 /* CALayer+makeImage.swift in Sources */ = {isa = PBXBuildFile; fileRef = 41440A7027779241008BBF07 /* CALayer+makeImage.swift */; };
		41440A77277792A3008BBF07 /* AbstractColor.swift in Sources */ = {isa = PBXBuildFile; fileRef = 41440A76277792A3008BBF07 /* AbstractColor.swift */; };
		41440A892777C225008BBF07 /* AbstractFont.swift in Sources */ = {isa = PBXBuildFile; fileRef = 41440A882777C225008BBF07 /* AbstractFont.swift */; };
		41440A912777C48B008BBF07 /* DynamicFontScaler.swift in Sources */ = {isa = PBXBuildFile; fileRef = 41440A902777C48B008BBF07 /* DynamicFontScaler.swift */; };
		41440A952777C646008BBF07 /* TextStyle.swift in Sources */ = {isa = PBXBuildFile; fileRef = 41440A942777C646008BBF07 /* TextStyle.swift */; };
		41440A972777C6B4008BBF07 /* UILabel+Styling.swift in Sources */ = {isa = PBXBuildFile; fileRef = 41440A962777C6B4008BBF07 /* UILabel+Styling.swift */; };
		4178AFE7277B77D80037DEDD /* UIViewLoading.swift in Sources */ = {isa = PBXBuildFile; fileRef = 4178AFE1277B77D80037DEDD /* UIViewLoading.swift */; };
		4178AFE8277B77D80037DEDD /* UIView+Style.swift in Sources */ = {isa = PBXBuildFile; fileRef = 4178AFE2277B77D80037DEDD /* UIView+Style.swift */; };
		4178AFE9277B77D80037DEDD /* UIView+Builder.swift in Sources */ = {isa = PBXBuildFile; fileRef = 4178AFE3277B77D80037DEDD /* UIView+Builder.swift */; };
		4178AFEA277B77D80037DEDD /* UIView+Layout.swift in Sources */ = {isa = PBXBuildFile; fileRef = 4178AFE4277B77D80037DEDD /* UIView+Layout.swift */; };
		4178AFEB277B77D80037DEDD /* UIView+asImage.swift in Sources */ = {isa = PBXBuildFile; fileRef = 4178AFE5277B77D80037DEDD /* UIView+asImage.swift */; };
		4178AFEC277B77D80037DEDD /* UIView+HoleClipping.swift in Sources */ = {isa = PBXBuildFile; fileRef = 4178AFE6277B77D80037DEDD /* UIView+HoleClipping.swift */; };
		4178AFEE277B78890037DEDD /* AbstractBorder.swift in Sources */ = {isa = PBXBuildFile; fileRef = 4178AFED277B78890037DEDD /* AbstractBorder.swift */; };
		4178AFF0277B78B40037DEDD /* AbstractShadow.swift in Sources */ = {isa = PBXBuildFile; fileRef = 4178AFEF277B78B40037DEDD /* AbstractShadow.swift */; };
		41BA2ED1277C55F0004CB046 /* UITextField+Bind.swift in Sources */ = {isa = PBXBuildFile; fileRef = 41BA2ED0277C55F0004CB046 /* UITextField+Bind.swift */; };
		41BA2ED3277C576F004CB046 /* CancellableStore.swift in Sources */ = {isa = PBXBuildFile; fileRef = 41BA2ED2277C576F004CB046 /* CancellableStore.swift */; };
		41BA2ED5277C5CAF004CB046 /* TextStyle+toAttributes.swift in Sources */ = {isa = PBXBuildFile; fileRef = 41BA2ED4277C5CAF004CB046 /* TextStyle+toAttributes.swift */; };
		41DE5AAA278360AD00092225 /* AppearanceManager.swift in Sources */ = {isa = PBXBuildFile; fileRef = 41DE5AA9278360AD00092225 /* AppearanceManager.swift */; };
		41EC3BDA277E228800CD9B5E /* ScrollViewKeyboardCorrecting.swift in Sources */ = {isa = PBXBuildFile; fileRef = 41EC3BD9277E228800CD9B5E /* ScrollViewKeyboardCorrecting.swift */; };
		41F6EF742778D6B400D09768 /* AppStartsUpControlling.swift in Sources */ = {isa = PBXBuildFile; fileRef = 41F6EF732778D6B400D09768 /* AppStartsUpControlling.swift */; };
		54A27A2B1DB0BC4BE40A4A2A /* Pods_UIKitExtensions.framework in Frameworks */ = {isa = PBXBuildFile; fileRef = FBCD80F8059F9EC0BDEDD977 /* Pods_UIKitExtensions.framework */; };
		9E3C7E1A13D55D781C653F7E /* Pods_SwiftExtensions.framework in Frameworks */ = {isa = PBXBuildFile; fileRef = 3E1EA842B15A62737A81935F /* Pods_SwiftExtensions.framework */; };
		C7F50CFE5C9342C6D6BC4A3E /* Pods_CombineViper.framework in Frameworks */ = {isa = PBXBuildFile; fileRef = D6C1C831A915BEF8C7F82C0F /* Pods_CombineViper.framework */; };
/* End PBXBuildFile section */

/* Begin PBXContainerItemProxy section */
		410D62382778ADE600CB6B05 /* PBXContainerItemProxy */ = {
			isa = PBXContainerItemProxy;
			containerPortal = 41440A4027778830008BBF07 /* Project object */;
			proxyType = 1;
			remoteGlobalIDString = 41440A4827778830008BBF07;
			remoteInfo = UIKitExtensions;
		};
		410D623D2778ADF400CB6B05 /* PBXContainerItemProxy */ = {
			isa = PBXContainerItemProxy;
			containerPortal = 41440A4027778830008BBF07 /* Project object */;
			proxyType = 1;
			remoteGlobalIDString = 410D62052778A54B00CB6B05;
			remoteInfo = SwiftExtensions;
		};
/* End PBXContainerItemProxy section */

/* Begin PBXCopyFilesBuildPhase section */
		410D623A2778ADE600CB6B05 /* Embed Frameworks */ = {
			isa = PBXCopyFilesBuildPhase;
			buildActionMask = 2147483647;
			dstPath = "";
			dstSubfolderSpec = 10;
			files = (
				410D623C2778ADF400CB6B05 /* SwiftExtensions.framework in Embed Frameworks */,
				410D62372778ADE600CB6B05 /* UIKitExtensions.framework in Embed Frameworks */,
			);
			name = "Embed Frameworks";
			runOnlyForDeploymentPostprocessing = 0;
		};
/* End PBXCopyFilesBuildPhase section */

/* Begin PBXFileReference section */
		05DD750C8E43840CBE0FA769 /* Pods-UIKitExtensions.debug.xcconfig */ = {isa = PBXFileReference; includeInIndex = 1; lastKnownFileType = text.xcconfig; name = "Pods-UIKitExtensions.debug.xcconfig"; path = "Target Support Files/Pods-UIKitExtensions/Pods-UIKitExtensions.debug.xcconfig"; sourceTree = "<group>"; };
		06283B884A546E5F206BBD1D /* Pods-CombineViper.debug.xcconfig */ = {isa = PBXFileReference; includeInIndex = 1; lastKnownFileType = text.xcconfig; name = "Pods-CombineViper.debug.xcconfig"; path = "Target Support Files/Pods-CombineViper/Pods-CombineViper.debug.xcconfig"; sourceTree = "<group>"; };
		12AC4241CB6FF253D14308CF /* Pods-SwiftExtensions.release.xcconfig */ = {isa = PBXFileReference; includeInIndex = 1; lastKnownFileType = text.xcconfig; name = "Pods-SwiftExtensions.release.xcconfig"; path = "Target Support Files/Pods-SwiftExtensions/Pods-SwiftExtensions.release.xcconfig"; sourceTree = "<group>"; };
		2CA4E7471EA93A2BA8007C68 /* Pods-UIKitExtensions.release.xcconfig */ = {isa = PBXFileReference; includeInIndex = 1; lastKnownFileType = text.xcconfig; name = "Pods-UIKitExtensions.release.xcconfig"; path = "Target Support Files/Pods-UIKitExtensions/Pods-UIKitExtensions.release.xcconfig"; sourceTree = "<group>"; };
		3E1EA842B15A62737A81935F /* Pods_SwiftExtensions.framework */ = {isa = PBXFileReference; explicitFileType = wrapper.framework; includeInIndex = 0; path = Pods_SwiftExtensions.framework; sourceTree = BUILT_PRODUCTS_DIR; };
		4105A33527822653003902A8 /* UIButton+Style.swift */ = {isa = PBXFileReference; fileEncoding = 4; lastKnownFileType = sourcecode.swift; path = "UIButton+Style.swift"; sourceTree = "<group>"; };
		4105A33727822681003902A8 /* UIImage+createFromColor.swift */ = {isa = PBXFileReference; fileEncoding = 4; lastKnownFileType = sourcecode.swift; path = "UIImage+createFromColor.swift"; sourceTree = "<group>"; };
		410D62062778A54B00CB6B05 /* SwiftExtensions.framework */ = {isa = PBXFileReference; explicitFileType = wrapper.framework; includeInIndex = 0; path = SwiftExtensions.framework; sourceTree = BUILT_PRODUCTS_DIR; };
		410D62082778A54B00CB6B05 /* SwiftExtensions.h */ = {isa = PBXFileReference; lastKnownFileType = sourcecode.c.h; path = SwiftExtensions.h; sourceTree = "<group>"; };
		410D62182778A8E200CB6B05 /* CombineViper.framework */ = {isa = PBXFileReference; explicitFileType = wrapper.framework; includeInIndex = 0; path = CombineViper.framework; sourceTree = BUILT_PRODUCTS_DIR; };
		410D621A2778A8E200CB6B05 /* CombineViper.h */ = {isa = PBXFileReference; lastKnownFileType = sourcecode.c.h; path = CombineViper.h; sourceTree = "<group>"; };
		410D62202778AA0200CB6B05 /* BaseRouter.swift */ = {isa = PBXFileReference; fileEncoding = 4; lastKnownFileType = sourcecode.swift; path = BaseRouter.swift; sourceTree = "<group>"; };
		410D62212778AA0200CB6B05 /* ModuleAssembler.swift */ = {isa = PBXFileReference; fileEncoding = 4; lastKnownFileType = sourcecode.swift; path = ModuleAssembler.swift; sourceTree = "<group>"; };
		410D62222778AA0200CB6B05 /* BaseProtocols.swift */ = {isa = PBXFileReference; fileEncoding = 4; lastKnownFileType = sourcecode.swift; path = BaseProtocols.swift; sourceTree = "<group>"; };
		410D62232778AA0200CB6B05 /* RouterProtocol+Typealiases.swift */ = {isa = PBXFileReference; fileEncoding = 4; lastKnownFileType = sourcecode.swift; path = "RouterProtocol+Typealiases.swift"; sourceTree = "<group>"; };
		410D62242778AA0200CB6B05 /* BaseInteractor.swift */ = {isa = PBXFileReference; fileEncoding = 4; lastKnownFileType = sourcecode.swift; path = BaseInteractor.swift; sourceTree = "<group>"; };
		410D62252778AA0200CB6B05 /* Base.storyboard */ = {isa = PBXFileReference; fileEncoding = 4; lastKnownFileType = file.storyboard; path = Base.storyboard; sourceTree = "<group>"; };
		410D62262778AA0200CB6B05 /* BaseViewController.swift */ = {isa = PBXFileReference; fileEncoding = 4; lastKnownFileType = sourcecode.swift; path = BaseViewController.swift; sourceTree = "<group>"; };
		410D62272778AA0200CB6B05 /* BusyIndicatorViewController.swift */ = {isa = PBXFileReference; fileEncoding = 4; lastKnownFileType = sourcecode.swift; path = BusyIndicatorViewController.swift; sourceTree = "<group>"; };
		410D62282778AA0200CB6B05 /* BasePresenter.swift */ = {isa = PBXFileReference; fileEncoding = 4; lastKnownFileType = sourcecode.swift; path = BasePresenter.swift; sourceTree = "<group>"; };
		410D62292778AA0200CB6B05 /* BaseCell.swift */ = {isa = PBXFileReference; fileEncoding = 4; lastKnownFileType = sourcecode.swift; path = BaseCell.swift; sourceTree = "<group>"; };
		410D622A2778AA0200CB6B05 /* BaseAssembly.swift */ = {isa = PBXFileReference; fileEncoding = 4; lastKnownFileType = sourcecode.swift; path = BaseAssembly.swift; sourceTree = "<group>"; };
		410D623F2778AE5E00CB6B05 /* UIKit+Apply.swift */ = {isa = PBXFileReference; fileEncoding = 4; lastKnownFileType = sourcecode.swift; path = "UIKit+Apply.swift"; sourceTree = "<group>"; };
		410D62432778AF9C00CB6B05 /* Theme.swift */ = {isa = PBXFileReference; fileEncoding = 4; lastKnownFileType = sourcecode.swift; path = Theme.swift; sourceTree = "<group>"; };
		410D62442778AF9C00CB6B05 /* Theme+Notification.swift */ = {isa = PBXFileReference; fileEncoding = 4; lastKnownFileType = sourcecode.swift; path = "Theme+Notification.swift"; sourceTree = "<group>"; };
		410D62452778AF9C00CB6B05 /* Theme+UIKit.swift */ = {isa = PBXFileReference; fileEncoding = 4; lastKnownFileType = sourcecode.swift; path = "Theme+UIKit.swift"; sourceTree = "<group>"; };
		410D624B2778B06A00CB6B05 /* UIAlertController+makeActionSheetWithTextField.swift */ = {isa = PBXFileReference; fileEncoding = 4; lastKnownFileType = sourcecode.swift; path = "UIAlertController+makeActionSheetWithTextField.swift"; sourceTree = "<group>"; };
		410D624C2778B06A00CB6B05 /* UIAlertController+makeDefaultActionSheet.swift */ = {isa = PBXFileReference; fileEncoding = 4; lastKnownFileType = sourcecode.swift; path = "UIAlertController+makeDefaultActionSheet.swift"; sourceTree = "<group>"; };
		410D624D2778B06A00CB6B05 /* UIAlertController+Factoring.swift */ = {isa = PBXFileReference; fileEncoding = 4; lastKnownFileType = sourcecode.swift; path = "UIAlertController+Factoring.swift"; sourceTree = "<group>"; };
		410D62512778B11300CB6B05 /* DI.swift */ = {isa = PBXFileReference; fileEncoding = 4; lastKnownFileType = sourcecode.swift; path = DI.swift; sourceTree = "<group>"; };
		410D62532778B37D00CB6B05 /* UIViewController+Extensions.swift */ = {isa = PBXFileReference; fileEncoding = 4; lastKnownFileType = sourcecode.swift; path = "UIViewController+Extensions.swift"; sourceTree = "<group>"; };
		410D62552778B3C600CB6B05 /* UITableViewCell+CellFactoring.swift */ = {isa = PBXFileReference; fileEncoding = 4; lastKnownFileType = sourcecode.swift; path = "UITableViewCell+CellFactoring.swift"; sourceTree = "<group>"; };
		41440A4927778830008BBF07 /* UIKitExtensions.framework */ = {isa = PBXFileReference; explicitFileType = wrapper.framework; includeInIndex = 0; path = UIKitExtensions.framework; sourceTree = BUILT_PRODUCTS_DIR; };
		41440A4C27778830008BBF07 /* UIKitExtensions.h */ = {isa = PBXFileReference; lastKnownFileType = sourcecode.c.h; path = UIKitExtensions.h; sourceTree = "<group>"; };
		41440A55277788B0008BBF07 /* HasApply.swift */ = {isa = PBXFileReference; fileEncoding = 4; lastKnownFileType = sourcecode.swift; path = HasApply.swift; sourceTree = "<group>"; };
		41440A5A27778ECA008BBF07 /* String+Extensions.swift */ = {isa = PBXFileReference; fileEncoding = 4; lastKnownFileType = sourcecode.swift; path = "String+Extensions.swift"; sourceTree = "<group>"; };
		41440A5B27778ECA008BBF07 /* Double+Extensions.swift */ = {isa = PBXFileReference; fileEncoding = 4; lastKnownFileType = sourcecode.swift; path = "Double+Extensions.swift"; sourceTree = "<group>"; };
		41440A5C27778ECA008BBF07 /* BaseTypes.swift */ = {isa = PBXFileReference; fileEncoding = 4; lastKnownFileType = sourcecode.swift; path = BaseTypes.swift; sourceTree = "<group>"; };
		41440A5E27778ECA008BBF07 /* Collection+Extensions.swift */ = {isa = PBXFileReference; fileEncoding = 4; lastKnownFileType = sourcecode.swift; path = "Collection+Extensions.swift"; sourceTree = "<group>"; };
		41440A6C27779241008BBF07 /* GradientSpecification.swift */ = {isa = PBXFileReference; fileEncoding = 4; lastKnownFileType = sourcecode.swift; path = GradientSpecification.swift; sourceTree = "<group>"; };
		41440A6D27779241008BBF07 /* UIView+Gradient.swift */ = {isa = PBXFileReference; fileEncoding = 4; lastKnownFileType = sourcecode.swift; path = "UIView+Gradient.swift"; sourceTree = "<group>"; };
		41440A6E27779241008BBF07 /* CAGradientLayer+Factoring.swift */ = {isa = PBXFileReference; fileEncoding = 4; lastKnownFileType = sourcecode.swift; path = "CAGradientLayer+Factoring.swift"; sourceTree = "<group>"; };
		41440A6F27779241008BBF07 /* UINavigationBar+Gradient.swift */ = {isa = PBXFileReference; fileEncoding = 4; lastKnownFileType = sourcecode.swift; path = "UINavigationBar+Gradient.swift"; sourceTree = "<group>"; };
		41440A7027779241008BBF07 /* CALayer+makeImage.swift */ = {isa = PBXFileReference; fileEncoding = 4; lastKnownFileType = sourcecode.swift; path = "CALayer+makeImage.swift"; sourceTree = "<group>"; };
		41440A76277792A3008BBF07 /* AbstractColor.swift */ = {isa = PBXFileReference; lastKnownFileType = sourcecode.swift; path = AbstractColor.swift; sourceTree = "<group>"; };
		41440A882777C225008BBF07 /* AbstractFont.swift */ = {isa = PBXFileReference; lastKnownFileType = sourcecode.swift; path = AbstractFont.swift; sourceTree = "<group>"; };
		41440A902777C48B008BBF07 /* DynamicFontScaler.swift */ = {isa = PBXFileReference; fileEncoding = 4; lastKnownFileType = sourcecode.swift; path = DynamicFontScaler.swift; sourceTree = "<group>"; };
		41440A942777C646008BBF07 /* TextStyle.swift */ = {isa = PBXFileReference; lastKnownFileType = sourcecode.swift; path = TextStyle.swift; sourceTree = "<group>"; };
		41440A962777C6B4008BBF07 /* UILabel+Styling.swift */ = {isa = PBXFileReference; lastKnownFileType = sourcecode.swift; path = "UILabel+Styling.swift"; sourceTree = "<group>"; };
		4178AFE1277B77D80037DEDD /* UIViewLoading.swift */ = {isa = PBXFileReference; fileEncoding = 4; lastKnownFileType = sourcecode.swift; path = UIViewLoading.swift; sourceTree = "<group>"; };
		4178AFE2277B77D80037DEDD /* UIView+Style.swift */ = {isa = PBXFileReference; fileEncoding = 4; lastKnownFileType = sourcecode.swift; path = "UIView+Style.swift"; sourceTree = "<group>"; };
		4178AFE3277B77D80037DEDD /* UIView+Builder.swift */ = {isa = PBXFileReference; fileEncoding = 4; lastKnownFileType = sourcecode.swift; path = "UIView+Builder.swift"; sourceTree = "<group>"; };
		4178AFE4277B77D80037DEDD /* UIView+Layout.swift */ = {isa = PBXFileReference; fileEncoding = 4; lastKnownFileType = sourcecode.swift; path = "UIView+Layout.swift"; sourceTree = "<group>"; };
		4178AFE5277B77D80037DEDD /* UIView+asImage.swift */ = {isa = PBXFileReference; fileEncoding = 4; lastKnownFileType = sourcecode.swift; path = "UIView+asImage.swift"; sourceTree = "<group>"; };
		4178AFE6277B77D80037DEDD /* UIView+HoleClipping.swift */ = {isa = PBXFileReference; fileEncoding = 4; lastKnownFileType = sourcecode.swift; path = "UIView+HoleClipping.swift"; sourceTree = "<group>"; };
		4178AFED277B78890037DEDD /* AbstractBorder.swift */ = {isa = PBXFileReference; lastKnownFileType = sourcecode.swift; path = AbstractBorder.swift; sourceTree = "<group>"; };
		4178AFEF277B78B40037DEDD /* AbstractShadow.swift */ = {isa = PBXFileReference; lastKnownFileType = sourcecode.swift; path = AbstractShadow.swift; sourceTree = "<group>"; };
		41BA2ED0277C55F0004CB046 /* UITextField+Bind.swift */ = {isa = PBXFileReference; fileEncoding = 4; lastKnownFileType = sourcecode.swift; path = "UITextField+Bind.swift"; sourceTree = "<group>"; };
		41BA2ED2277C576F004CB046 /* CancellableStore.swift */ = {isa = PBXFileReference; lastKnownFileType = sourcecode.swift; path = CancellableStore.swift; sourceTree = "<group>"; };
		41BA2ED4277C5CAF004CB046 /* TextStyle+toAttributes.swift */ = {isa = PBXFileReference; lastKnownFileType = sourcecode.swift; path = "TextStyle+toAttributes.swift"; sourceTree = "<group>"; };
		41DE5AA9278360AD00092225 /* AppearanceManager.swift */ = {isa = PBXFileReference; lastKnownFileType = sourcecode.swift; path = AppearanceManager.swift; sourceTree = "<group>"; };
		41EC3BD9277E228800CD9B5E /* ScrollViewKeyboardCorrecting.swift */ = {isa = PBXFileReference; fileEncoding = 4; lastKnownFileType = sourcecode.swift; path = ScrollViewKeyboardCorrecting.swift; sourceTree = "<group>"; };
		41F6EF732778D6B400D09768 /* AppStartsUpControlling.swift */ = {isa = PBXFileReference; fileEncoding = 4; lastKnownFileType = sourcecode.swift; path = AppStartsUpControlling.swift; sourceTree = "<group>"; };
		45F8919283890F69EB11AA96 /* Pods-SwiftExtensions.debug.xcconfig */ = {isa = PBXFileReference; includeInIndex = 1; lastKnownFileType = text.xcconfig; name = "Pods-SwiftExtensions.debug.xcconfig"; path = "Target Support Files/Pods-SwiftExtensions/Pods-SwiftExtensions.debug.xcconfig"; sourceTree = "<group>"; };
		D6C1C831A915BEF8C7F82C0F /* Pods_CombineViper.framework */ = {isa = PBXFileReference; explicitFileType = wrapper.framework; includeInIndex = 0; path = Pods_CombineViper.framework; sourceTree = BUILT_PRODUCTS_DIR; };
		E9AEB321C28831620651ACA1 /* Pods-CombineViper.release.xcconfig */ = {isa = PBXFileReference; includeInIndex = 1; lastKnownFileType = text.xcconfig; name = "Pods-CombineViper.release.xcconfig"; path = "Target Support Files/Pods-CombineViper/Pods-CombineViper.release.xcconfig"; sourceTree = "<group>"; };
		FBCD80F8059F9EC0BDEDD977 /* Pods_UIKitExtensions.framework */ = {isa = PBXFileReference; explicitFileType = wrapper.framework; includeInIndex = 0; path = Pods_UIKitExtensions.framework; sourceTree = BUILT_PRODUCTS_DIR; };
/* End PBXFileReference section */

/* Begin PBXFrameworksBuildPhase section */
		410D62032778A54B00CB6B05 /* Frameworks */ = {
			isa = PBXFrameworksBuildPhase;
			buildActionMask = 2147483647;
			files = (
				9E3C7E1A13D55D781C653F7E /* Pods_SwiftExtensions.framework in Frameworks */,
			);
			runOnlyForDeploymentPostprocessing = 0;
		};
		410D62152778A8E200CB6B05 /* Frameworks */ = {
			isa = PBXFrameworksBuildPhase;
			buildActionMask = 2147483647;
			files = (
				410D623B2778ADF400CB6B05 /* SwiftExtensions.framework in Frameworks */,
				C7F50CFE5C9342C6D6BC4A3E /* Pods_CombineViper.framework in Frameworks */,
				410D62362778ADE600CB6B05 /* UIKitExtensions.framework in Frameworks */,
			);
			runOnlyForDeploymentPostprocessing = 0;
		};
		41440A4627778830008BBF07 /* Frameworks */ = {
			isa = PBXFrameworksBuildPhase;
			buildActionMask = 2147483647;
			files = (
				54A27A2B1DB0BC4BE40A4A2A /* Pods_UIKitExtensions.framework in Frameworks */,
			);
			runOnlyForDeploymentPostprocessing = 0;
		};
/* End PBXFrameworksBuildPhase section */

/* Begin PBXGroup section */
		006C0D7F373AF0C4A7883993 /* Pods */ = {
			isa = PBXGroup;
			children = (
				06283B884A546E5F206BBD1D /* Pods-CombineViper.debug.xcconfig */,
				E9AEB321C28831620651ACA1 /* Pods-CombineViper.release.xcconfig */,
				45F8919283890F69EB11AA96 /* Pods-SwiftExtensions.debug.xcconfig */,
				12AC4241CB6FF253D14308CF /* Pods-SwiftExtensions.release.xcconfig */,
				05DD750C8E43840CBE0FA769 /* Pods-UIKitExtensions.debug.xcconfig */,
				2CA4E7471EA93A2BA8007C68 /* Pods-UIKitExtensions.release.xcconfig */,
			);
			path = Pods;
			sourceTree = "<group>";
		};
		366068032DC6A7B4ECAAAD9A /* Frameworks */ = {
			isa = PBXGroup;
			children = (
				D6C1C831A915BEF8C7F82C0F /* Pods_CombineViper.framework */,
				3E1EA842B15A62737A81935F /* Pods_SwiftExtensions.framework */,
				FBCD80F8059F9EC0BDEDD977 /* Pods_UIKitExtensions.framework */,
			);
			name = Frameworks;
			sourceTree = "<group>";
		};
		410D62072778A54B00CB6B05 /* SwiftExtensions */ = {
			isa = PBXGroup;
			children = (
				410D62122778A7ED00CB6B05 /* Common */,
				410D62082778A54B00CB6B05 /* SwiftExtensions.h */,
			);
			path = SwiftExtensions;
			sourceTree = "<group>";
		};
		410D62122778A7ED00CB6B05 /* Common */ = {
			isa = PBXGroup;
			children = (
				41440A5C27778ECA008BBF07 /* BaseTypes.swift */,
				41440A5E27778ECA008BBF07 /* Collection+Extensions.swift */,
				41440A5A27778ECA008BBF07 /* String+Extensions.swift */,
				41440A5B27778ECA008BBF07 /* Double+Extensions.swift */,
				41440A55277788B0008BBF07 /* HasApply.swift */,
			);
			path = Common;
			sourceTree = "<group>";
		};
		410D62192778A8E200CB6B05 /* CombineViper */ = {
			isa = PBXGroup;
			children = (
				410D621F2778A9A800CB6B05 /* Base */,
				410D62582778B88700CB6B05 /* DI */,
				410D621A2778A8E200CB6B05 /* CombineViper.h */,
			);
			path = CombineViper;
			sourceTree = "<group>";
		};
		410D621F2778A9A800CB6B05 /* Base */ = {
			isa = PBXGroup;
			children = (
				410D62252778AA0200CB6B05 /* Base.storyboard */,
				410D622A2778AA0200CB6B05 /* BaseAssembly.swift */,
				410D62292778AA0200CB6B05 /* BaseCell.swift */,
				410D62242778AA0200CB6B05 /* BaseInteractor.swift */,
				410D62282778AA0200CB6B05 /* BasePresenter.swift */,
				410D62222778AA0200CB6B05 /* BaseProtocols.swift */,
				410D62202778AA0200CB6B05 /* BaseRouter.swift */,
				410D62262778AA0200CB6B05 /* BaseViewController.swift */,
				410D62272778AA0200CB6B05 /* BusyIndicatorViewController.swift */,
				410D62212778AA0200CB6B05 /* ModuleAssembler.swift */,
				410D62232778AA0200CB6B05 /* RouterProtocol+Typealiases.swift */,
				41DE5AA9278360AD00092225 /* AppearanceManager.swift */,
			);
			path = Base;
			sourceTree = "<group>";
		};
		410D62412778AF9C00CB6B05 /* Theme */ = {
			isa = PBXGroup;
			children = (
				410D62432778AF9C00CB6B05 /* Theme.swift */,
				410D62442778AF9C00CB6B05 /* Theme+Notification.swift */,
				410D62452778AF9C00CB6B05 /* Theme+UIKit.swift */,
			);
			path = Theme;
			sourceTree = "<group>";
		};
		410D624A2778B06A00CB6B05 /* UIAlertController */ = {
			isa = PBXGroup;
			children = (
				410D624B2778B06A00CB6B05 /* UIAlertController+makeActionSheetWithTextField.swift */,
				410D624C2778B06A00CB6B05 /* UIAlertController+makeDefaultActionSheet.swift */,
				410D624D2778B06A00CB6B05 /* UIAlertController+Factoring.swift */,
			);
			path = UIAlertController;
			sourceTree = "<group>";
		};
		410D62572778B44C00CB6B05 /* Styling */ = {
			isa = PBXGroup;
			children = (
				41440A76277792A3008BBF07 /* AbstractColor.swift */,
				41440A882777C225008BBF07 /* AbstractFont.swift */,
				4178AFED277B78890037DEDD /* AbstractBorder.swift */,
				4178AFEF277B78B40037DEDD /* AbstractShadow.swift */,
				41440A942777C646008BBF07 /* TextStyle.swift */,
				41440A902777C48B008BBF07 /* DynamicFontScaler.swift */,
			);
			path = Styling;
			sourceTree = "<group>";
		};
		410D62582778B88700CB6B05 /* DI */ = {
			isa = PBXGroup;
			children = (
				410D62512778B11300CB6B05 /* DI.swift */,
			);
			path = DI;
			sourceTree = "<group>";
		};
		41440A3F27778830008BBF07 = {
			isa = PBXGroup;
			children = (
				41440A4B27778830008BBF07 /* UIKitExtensions */,
				410D62072778A54B00CB6B05 /* SwiftExtensions */,
				410D62192778A8E200CB6B05 /* CombineViper */,
				41440A4A27778830008BBF07 /* Products */,
				006C0D7F373AF0C4A7883993 /* Pods */,
				366068032DC6A7B4ECAAAD9A /* Frameworks */,
			);
			sourceTree = "<group>";
		};
		41440A4A27778830008BBF07 /* Products */ = {
			isa = PBXGroup;
			children = (
				41440A4927778830008BBF07 /* UIKitExtensions.framework */,
				410D62062778A54B00CB6B05 /* SwiftExtensions.framework */,
				410D62182778A8E200CB6B05 /* CombineViper.framework */,
			);
			name = Products;
			sourceTree = "<group>";
		};
		41440A4B27778830008BBF07 /* UIKitExtensions */ = {
			isa = PBXGroup;
			children = (
				41F6EF722778D69200D09768 /* Protocols */,
				41440A68277791CF008BBF07 /* SharedUI */,
				41440A4C27778830008BBF07 /* UIKitExtensions.h */,
			);
			path = UIKitExtensions;
			sourceTree = "<group>";
		};
		41440A68277791CF008BBF07 /* SharedUI */ = {
			isa = PBXGroup;
			children = (
				410D62572778B44C00CB6B05 /* Styling */,
				410D62412778AF9C00CB6B05 /* Theme */,
				41440A6B27779241008BBF07 /* Gradient */,
				410D624A2778B06A00CB6B05 /* UIAlertController */,
				4178AFE0277B77D80037DEDD /* UIView */,
				410D62552778B3C600CB6B05 /* UITableViewCell+CellFactoring.swift */,
				410D62532778B37D00CB6B05 /* UIViewController+Extensions.swift */,
				41440A962777C6B4008BBF07 /* UILabel+Styling.swift */,
				410D623F2778AE5E00CB6B05 /* UIKit+Apply.swift */,
				41BA2ED0277C55F0004CB046 /* UITextField+Bind.swift */,
				4105A33527822653003902A8 /* UIButton+Style.swift */,
				4105A33727822681003902A8 /* UIImage+createFromColor.swift */,
				41BA2ED4277C5CAF004CB046 /* TextStyle+toAttributes.swift */,
				41EC3BD9277E228800CD9B5E /* ScrollViewKeyboardCorrecting.swift */,
			);
			path = SharedUI;
			sourceTree = "<group>";
		};
		41440A6B27779241008BBF07 /* Gradient */ = {
			isa = PBXGroup;
			children = (
				41440A6C27779241008BBF07 /* GradientSpecification.swift */,
				41440A6D27779241008BBF07 /* UIView+Gradient.swift */,
				41440A6E27779241008BBF07 /* CAGradientLayer+Factoring.swift */,
				41440A6F27779241008BBF07 /* UINavigationBar+Gradient.swift */,
				41440A7027779241008BBF07 /* CALayer+makeImage.swift */,
			);
			path = Gradient;
			sourceTree = "<group>";
		};
		4178AFE0277B77D80037DEDD /* UIView */ = {
			isa = PBXGroup;
			children = (
				4178AFE1277B77D80037DEDD /* UIViewLoading.swift */,
				4178AFE2277B77D80037DEDD /* UIView+Style.swift */,
				4178AFE3277B77D80037DEDD /* UIView+Builder.swift */,
				4178AFE4277B77D80037DEDD /* UIView+Layout.swift */,
				4178AFE5277B77D80037DEDD /* UIView+asImage.swift */,
				4178AFE6277B77D80037DEDD /* UIView+HoleClipping.swift */,
			);
			path = UIView;
			sourceTree = "<group>";
		};
		41F6EF722778D69200D09768 /* Protocols */ = {
			isa = PBXGroup;
			children = (
				41F6EF732778D6B400D09768 /* AppStartsUpControlling.swift */,
				41BA2ED2277C576F004CB046 /* CancellableStore.swift */,
			);
			path = Protocols;
			sourceTree = "<group>";
		};
/* End PBXGroup section */

/* Begin PBXHeadersBuildPhase section */
		410D62012778A54B00CB6B05 /* Headers */ = {
			isa = PBXHeadersBuildPhase;
			buildActionMask = 2147483647;
			files = (
				410D62092778A54B00CB6B05 /* SwiftExtensions.h in Headers */,
			);
			runOnlyForDeploymentPostprocessing = 0;
		};
		410D62132778A8E200CB6B05 /* Headers */ = {
			isa = PBXHeadersBuildPhase;
			buildActionMask = 2147483647;
			files = (
				410D621B2778A8E200CB6B05 /* CombineViper.h in Headers */,
			);
			runOnlyForDeploymentPostprocessing = 0;
		};
		41440A4427778830008BBF07 /* Headers */ = {
			isa = PBXHeadersBuildPhase;
			buildActionMask = 2147483647;
			files = (
				41440A4F27778830008BBF07 /* UIKitExtensions.h in Headers */,
			);
			runOnlyForDeploymentPostprocessing = 0;
		};
/* End PBXHeadersBuildPhase section */

/* Begin PBXNativeTarget section */
		410D62052778A54B00CB6B05 /* SwiftExtensions */ = {
			isa = PBXNativeTarget;
			buildConfigurationList = 410D620C2778A54B00CB6B05 /* Build configuration list for PBXNativeTarget "SwiftExtensions" */;
			buildPhases = (
				D497DD1C158D00A5C3BF651D /* [CP] Check Pods Manifest.lock */,
				410D62012778A54B00CB6B05 /* Headers */,
				410D62022778A54B00CB6B05 /* Sources */,
				410D62032778A54B00CB6B05 /* Frameworks */,
				410D62042778A54B00CB6B05 /* Resources */,
			);
			buildRules = (
			);
			dependencies = (
			);
			name = SwiftExtensions;
			productName = SwiftExtensions;
			productReference = 410D62062778A54B00CB6B05 /* SwiftExtensions.framework */;
			productType = "com.apple.product-type.framework";
		};
		410D62172778A8E200CB6B05 /* CombineViper */ = {
			isa = PBXNativeTarget;
			buildConfigurationList = 410D621C2778A8E200CB6B05 /* Build configuration list for PBXNativeTarget "CombineViper" */;
			buildPhases = (
				2B9F951CDB838D3CA6D967A1 /* [CP] Check Pods Manifest.lock */,
				410D62132778A8E200CB6B05 /* Headers */,
				410D62142778A8E200CB6B05 /* Sources */,
				410D62152778A8E200CB6B05 /* Frameworks */,
				410D62162778A8E200CB6B05 /* Resources */,
				410D623A2778ADE600CB6B05 /* Embed Frameworks */,
			);
			buildRules = (
			);
			dependencies = (
				410D62392778ADE600CB6B05 /* PBXTargetDependency */,
				410D623E2778ADF400CB6B05 /* PBXTargetDependency */,
			);
			name = CombineViper;
			productName = CombineViper;
			productReference = 410D62182778A8E200CB6B05 /* CombineViper.framework */;
			productType = "com.apple.product-type.framework";
		};
		41440A4827778830008BBF07 /* UIKitExtensions */ = {
			isa = PBXNativeTarget;
			buildConfigurationList = 41440A5227778830008BBF07 /* Build configuration list for PBXNativeTarget "UIKitExtensions" */;
			buildPhases = (
				D56FDAE8411FE5FBEEB27CD1 /* [CP] Check Pods Manifest.lock */,
				41440A4427778830008BBF07 /* Headers */,
				41440A4527778830008BBF07 /* Sources */,
				41440A4627778830008BBF07 /* Frameworks */,
				41440A4727778830008BBF07 /* Resources */,
			);
			buildRules = (
			);
			dependencies = (
			);
			name = UIKitExtensions;
			productName = UIKitExtensions;
			productReference = 41440A4927778830008BBF07 /* UIKitExtensions.framework */;
			productType = "com.apple.product-type.framework";
		};
/* End PBXNativeTarget section */

/* Begin PBXProject section */
		41440A4027778830008BBF07 /* Project object */ = {
			isa = PBXProject;
			attributes = {
				BuildIndependentTargetsInParallel = 1;
				LastUpgradeCheck = 1310;
				TargetAttributes = {
					410D62052778A54B00CB6B05 = {
						CreatedOnToolsVersion = 13.2.1;
					};
					410D62172778A8E200CB6B05 = {
						CreatedOnToolsVersion = 13.2.1;
						LastSwiftMigration = 1320;
					};
					41440A4827778830008BBF07 = {
						CreatedOnToolsVersion = 13.1;
					};
				};
			};
			buildConfigurationList = 41440A4327778830008BBF07 /* Build configuration list for PBXProject "UIKitExtensions" */;
			compatibilityVersion = "Xcode 13.0";
			developmentRegion = en;
			hasScannedForEncodings = 0;
			knownRegions = (
				en,
				Base,
			);
			mainGroup = 41440A3F27778830008BBF07;
			productRefGroup = 41440A4A27778830008BBF07 /* Products */;
			projectDirPath = "";
			projectRoot = "";
			targets = (
				41440A4827778830008BBF07 /* UIKitExtensions */,
				410D62052778A54B00CB6B05 /* SwiftExtensions */,
				410D62172778A8E200CB6B05 /* CombineViper */,
			);
		};
/* End PBXProject section */

/* Begin PBXResourcesBuildPhase section */
		410D62042778A54B00CB6B05 /* Resources */ = {
			isa = PBXResourcesBuildPhase;
			buildActionMask = 2147483647;
			files = (
			);
			runOnlyForDeploymentPostprocessing = 0;
		};
		410D62162778A8E200CB6B05 /* Resources */ = {
			isa = PBXResourcesBuildPhase;
			buildActionMask = 2147483647;
			files = (
				410D62302778AA0200CB6B05 /* Base.storyboard in Resources */,
			);
			runOnlyForDeploymentPostprocessing = 0;
		};
		41440A4727778830008BBF07 /* Resources */ = {
			isa = PBXResourcesBuildPhase;
			buildActionMask = 2147483647;
			files = (
			);
			runOnlyForDeploymentPostprocessing = 0;
		};
/* End PBXResourcesBuildPhase section */

/* Begin PBXShellScriptBuildPhase section */
		2B9F951CDB838D3CA6D967A1 /* [CP] Check Pods Manifest.lock */ = {
			isa = PBXShellScriptBuildPhase;
			buildActionMask = 2147483647;
			files = (
			);
			inputFileListPaths = (
			);
			inputPaths = (
				"${PODS_PODFILE_DIR_PATH}/Podfile.lock",
				"${PODS_ROOT}/Manifest.lock",
			);
			name = "[CP] Check Pods Manifest.lock";
			outputFileListPaths = (
			);
			outputPaths = (
				"$(DERIVED_FILE_DIR)/Pods-CombineViper-checkManifestLockResult.txt",
			);
			runOnlyForDeploymentPostprocessing = 0;
			shellPath = /bin/sh;
			shellScript = "diff \"${PODS_PODFILE_DIR_PATH}/Podfile.lock\" \"${PODS_ROOT}/Manifest.lock\" > /dev/null\nif [ $? != 0 ] ; then\n    # print error to STDERR\n    echo \"error: The sandbox is not in sync with the Podfile.lock. Run 'pod install' or update your CocoaPods installation.\" >&2\n    exit 1\nfi\n# This output is used by Xcode 'outputs' to avoid re-running this script phase.\necho \"SUCCESS\" > \"${SCRIPT_OUTPUT_FILE_0}\"\n";
			showEnvVarsInLog = 0;
		};
		D497DD1C158D00A5C3BF651D /* [CP] Check Pods Manifest.lock */ = {
			isa = PBXShellScriptBuildPhase;
			buildActionMask = 2147483647;
			files = (
			);
			inputFileListPaths = (
			);
			inputPaths = (
				"${PODS_PODFILE_DIR_PATH}/Podfile.lock",
				"${PODS_ROOT}/Manifest.lock",
			);
			name = "[CP] Check Pods Manifest.lock";
			outputFileListPaths = (
			);
			outputPaths = (
				"$(DERIVED_FILE_DIR)/Pods-SwiftExtensions-checkManifestLockResult.txt",
			);
			runOnlyForDeploymentPostprocessing = 0;
			shellPath = /bin/sh;
			shellScript = "diff \"${PODS_PODFILE_DIR_PATH}/Podfile.lock\" \"${PODS_ROOT}/Manifest.lock\" > /dev/null\nif [ $? != 0 ] ; then\n    # print error to STDERR\n    echo \"error: The sandbox is not in sync with the Podfile.lock. Run 'pod install' or update your CocoaPods installation.\" >&2\n    exit 1\nfi\n# This output is used by Xcode 'outputs' to avoid re-running this script phase.\necho \"SUCCESS\" > \"${SCRIPT_OUTPUT_FILE_0}\"\n";
			showEnvVarsInLog = 0;
		};
		D56FDAE8411FE5FBEEB27CD1 /* [CP] Check Pods Manifest.lock */ = {
			isa = PBXShellScriptBuildPhase;
			buildActionMask = 2147483647;
			files = (
			);
			inputFileListPaths = (
			);
			inputPaths = (
				"${PODS_PODFILE_DIR_PATH}/Podfile.lock",
				"${PODS_ROOT}/Manifest.lock",
			);
			name = "[CP] Check Pods Manifest.lock";
			outputFileListPaths = (
			);
			outputPaths = (
				"$(DERIVED_FILE_DIR)/Pods-UIKitExtensions-checkManifestLockResult.txt",
			);
			runOnlyForDeploymentPostprocessing = 0;
			shellPath = /bin/sh;
			shellScript = "diff \"${PODS_PODFILE_DIR_PATH}/Podfile.lock\" \"${PODS_ROOT}/Manifest.lock\" > /dev/null\nif [ $? != 0 ] ; then\n    # print error to STDERR\n    echo \"error: The sandbox is not in sync with the Podfile.lock. Run 'pod install' or update your CocoaPods installation.\" >&2\n    exit 1\nfi\n# This output is used by Xcode 'outputs' to avoid re-running this script phase.\necho \"SUCCESS\" > \"${SCRIPT_OUTPUT_FILE_0}\"\n";
			showEnvVarsInLog = 0;
		};
/* End PBXShellScriptBuildPhase section */

/* Begin PBXSourcesBuildPhase section */
		410D62022778A54B00CB6B05 /* Sources */ = {
			isa = PBXSourcesBuildPhase;
			buildActionMask = 2147483647;
			files = (
				410D62102778A56800CB6B05 /* Double+Extensions.swift in Sources */,
				410D62112778A56800CB6B05 /* HasApply.swift in Sources */,
				410D620D2778A56800CB6B05 /* BaseTypes.swift in Sources */,
				410D620F2778A56800CB6B05 /* String+Extensions.swift in Sources */,
				410D620E2778A56800CB6B05 /* Collection+Extensions.swift in Sources */,
			);
			runOnlyForDeploymentPostprocessing = 0;
		};
		410D62142778A8E200CB6B05 /* Sources */ = {
			isa = PBXSourcesBuildPhase;
			buildActionMask = 2147483647;
			files = (
				410D622C2778AA0200CB6B05 /* ModuleAssembler.swift in Sources */,
				410D62332778AA0200CB6B05 /* BasePresenter.swift in Sources */,
				410D622F2778AA0200CB6B05 /* BaseInteractor.swift in Sources */,
				410D62322778AA0200CB6B05 /* BusyIndicatorViewController.swift in Sources */,
				410D62522778B11300CB6B05 /* DI.swift in Sources */,
				410D62342778AA0200CB6B05 /* BaseCell.swift in Sources */,
				41DE5AAA278360AD00092225 /* AppearanceManager.swift in Sources */,
				410D622B2778AA0200CB6B05 /* BaseRouter.swift in Sources */,
				410D62352778AA0200CB6B05 /* BaseAssembly.swift in Sources */,
				410D622E2778AA0200CB6B05 /* RouterProtocol+Typealiases.swift in Sources */,
				410D622D2778AA0200CB6B05 /* BaseProtocols.swift in Sources */,
				410D62312778AA0200CB6B05 /* BaseViewController.swift in Sources */,
			);
			runOnlyForDeploymentPostprocessing = 0;
		};
		41440A4527778830008BBF07 /* Sources */ = {
			isa = PBXSourcesBuildPhase;
			buildActionMask = 2147483647;
			files = (
				410D62402778AE5E00CB6B05 /* UIKit+Apply.swift in Sources */,
				4105A33827822681003902A8 /* UIImage+createFromColor.swift in Sources */,
				41440A952777C646008BBF07 /* TextStyle.swift in Sources */,
				410D62502778B06A00CB6B05 /* UIAlertController+Factoring.swift in Sources */,
				41440A7327779241008BBF07 /* CAGradientLayer+Factoring.swift in Sources */,
				4178AFEC277B77D80037DEDD /* UIView+HoleClipping.swift in Sources */,
				4178AFF0277B78B40037DEDD /* AbstractShadow.swift in Sources */,
				410D62542778B37D00CB6B05 /* UIViewController+Extensions.swift in Sources */,
				41BA2ED5277C5CAF004CB046 /* TextStyle+toAttributes.swift in Sources */,
				41EC3BDA277E228800CD9B5E /* ScrollViewKeyboardCorrecting.swift in Sources */,
				41440A7127779241008BBF07 /* GradientSpecification.swift in Sources */,
				410D62472778AF9C00CB6B05 /* Theme.swift in Sources */,
				410D62562778B3C600CB6B05 /* UITableViewCell+CellFactoring.swift in Sources */,
				4178AFEA277B77D80037DEDD /* UIView+Layout.swift in Sources */,
				41440A972777C6B4008BBF07 /* UILabel+Styling.swift in Sources */,
				41F6EF742778D6B400D09768 /* AppStartsUpControlling.swift in Sources */,
				4105A33627822653003902A8 /* UIButton+Style.swift in Sources */,
				41440A912777C48B008BBF07 /* DynamicFontScaler.swift in Sources */,
				41BA2ED3277C576F004CB046 /* CancellableStore.swift in Sources */,
				41440A7427779241008BBF07 /* UINavigationBar+Gradient.swift in Sources */,
				4178AFEB277B77D80037DEDD /* UIView+asImage.swift in Sources */,
				4178AFEE277B78890037DEDD /* AbstractBorder.swift in Sources */,
				410D624F2778B06A00CB6B05 /* UIAlertController+makeDefaultActionSheet.swift in Sources */,
				410D62482778AF9C00CB6B05 /* Theme+Notification.swift in Sources */,
				4178AFE7277B77D80037DEDD /* UIViewLoading.swift in Sources */,
				41440A7227779241008BBF07 /* UIView+Gradient.swift in Sources */,
				41440A77277792A3008BBF07 /* AbstractColor.swift in Sources */,
				410D62492778AF9C00CB6B05 /* Theme+UIKit.swift in Sources */,
				41440A892777C225008BBF07 /* AbstractFont.swift in Sources */,
				41440A7527779241008BBF07 /* CALayer+makeImage.swift in Sources */,
				4178AFE9277B77D80037DEDD /* UIView+Builder.swift in Sources */,
				4178AFE8277B77D80037DEDD /* UIView+Style.swift in Sources */,
				41BA2ED1277C55F0004CB046 /* UITextField+Bind.swift in Sources */,
				410D624E2778B06A00CB6B05 /* UIAlertController+makeActionSheetWithTextField.swift in Sources */,
			);
			runOnlyForDeploymentPostprocessing = 0;
		};
/* End PBXSourcesBuildPhase section */

/* Begin PBXTargetDependency section */
		410D62392778ADE600CB6B05 /* PBXTargetDependency */ = {
			isa = PBXTargetDependency;
			platformFilter = ios;
			target = 41440A4827778830008BBF07 /* UIKitExtensions */;
			targetProxy = 410D62382778ADE600CB6B05 /* PBXContainerItemProxy */;
		};
		410D623E2778ADF400CB6B05 /* PBXTargetDependency */ = {
			isa = PBXTargetDependency;
			platformFilter = ios;
			target = 410D62052778A54B00CB6B05 /* SwiftExtensions */;
			targetProxy = 410D623D2778ADF400CB6B05 /* PBXContainerItemProxy */;
		};
/* End PBXTargetDependency section */

/* Begin XCBuildConfiguration section */
		410D620A2778A54B00CB6B05 /* Debug */ = {
			isa = XCBuildConfiguration;
			baseConfigurationReference = 45F8919283890F69EB11AA96 /* Pods-SwiftExtensions.debug.xcconfig */;
			buildSettings = {
				CODE_SIGN_STYLE = Automatic;
				CURRENT_PROJECT_VERSION = 1;
				DEFINES_MODULE = YES;
				DEVELOPMENT_TEAM = 7KNY3VB5QT;
				DYLIB_COMPATIBILITY_VERSION = 1;
				DYLIB_CURRENT_VERSION = 1;
				DYLIB_INSTALL_NAME_BASE = "@rpath";
				GENERATE_INFOPLIST_FILE = YES;
				INFOPLIST_KEY_NSHumanReadableCopyright = "";
				INSTALL_PATH = "$(LOCAL_LIBRARY_DIR)/Frameworks";
				IPHONEOS_DEPLOYMENT_TARGET = 13.0;
				LD_RUNPATH_SEARCH_PATHS = (
					"$(inherited)",
					"@executable_path/Frameworks",
					"@loader_path/Frameworks",
				);
				MARKETING_VERSION = 1.0;
				PRODUCT_BUNDLE_IDENTIFIER = com.mobilefriends.SwiftExtensions;
				PRODUCT_NAME = "$(TARGET_NAME:c99extidentifier)";
				SKIP_INSTALL = YES;
				SUPPORTS_MACCATALYST = NO;
				SWIFT_EMIT_LOC_STRINGS = YES;
				SWIFT_VERSION = 5.0;
				TARGETED_DEVICE_FAMILY = "1,2";
			};
			name = Debug;
		};
		410D620B2778A54B00CB6B05 /* Release */ = {
			isa = XCBuildConfiguration;
			baseConfigurationReference = 12AC4241CB6FF253D14308CF /* Pods-SwiftExtensions.release.xcconfig */;
			buildSettings = {
				CODE_SIGN_STYLE = Automatic;
				CURRENT_PROJECT_VERSION = 1;
				DEFINES_MODULE = YES;
				DEVELOPMENT_TEAM = 7KNY3VB5QT;
				DYLIB_COMPATIBILITY_VERSION = 1;
				DYLIB_CURRENT_VERSION = 1;
				DYLIB_INSTALL_NAME_BASE = "@rpath";
				GENERATE_INFOPLIST_FILE = YES;
				INFOPLIST_KEY_NSHumanReadableCopyright = "";
				INSTALL_PATH = "$(LOCAL_LIBRARY_DIR)/Frameworks";
				IPHONEOS_DEPLOYMENT_TARGET = 13.0;
				LD_RUNPATH_SEARCH_PATHS = (
					"$(inherited)",
					"@executable_path/Frameworks",
					"@loader_path/Frameworks",
				);
				MARKETING_VERSION = 1.0;
				PRODUCT_BUNDLE_IDENTIFIER = com.mobilefriends.SwiftExtensions;
				PRODUCT_NAME = "$(TARGET_NAME:c99extidentifier)";
				SKIP_INSTALL = YES;
				SUPPORTS_MACCATALYST = NO;
				SWIFT_EMIT_LOC_STRINGS = YES;
				SWIFT_VERSION = 5.0;
				TARGETED_DEVICE_FAMILY = "1,2";
			};
			name = Release;
		};
		410D621D2778A8E200CB6B05 /* Debug */ = {
			isa = XCBuildConfiguration;
			baseConfigurationReference = 06283B884A546E5F206BBD1D /* Pods-CombineViper.debug.xcconfig */;
			buildSettings = {
				CLANG_ENABLE_MODULES = YES;
				CODE_SIGN_STYLE = Automatic;
				CURRENT_PROJECT_VERSION = 1;
				DEFINES_MODULE = YES;
				DEVELOPMENT_TEAM = 7KNY3VB5QT;
				DYLIB_COMPATIBILITY_VERSION = 1;
				DYLIB_CURRENT_VERSION = 1;
				DYLIB_INSTALL_NAME_BASE = "@rpath";
				GENERATE_INFOPLIST_FILE = YES;
				INFOPLIST_KEY_NSHumanReadableCopyright = "";
				INSTALL_PATH = "$(LOCAL_LIBRARY_DIR)/Frameworks";
				IPHONEOS_DEPLOYMENT_TARGET = 13.0;
				LD_RUNPATH_SEARCH_PATHS = (
					"$(inherited)",
					"@executable_path/Frameworks",
					"@loader_path/Frameworks",
				);
				MARKETING_VERSION = 1.0;
				PRODUCT_BUNDLE_IDENTIFIER = com.mobilefriends.CombineViper;
				PRODUCT_NAME = "$(TARGET_NAME:c99extidentifier)";
				SKIP_INSTALL = YES;
				SUPPORTS_MACCATALYST = NO;
				SWIFT_EMIT_LOC_STRINGS = YES;
				SWIFT_OPTIMIZATION_LEVEL = "-Onone";
				SWIFT_VERSION = 5.0;
				TARGETED_DEVICE_FAMILY = "1,2";
			};
			name = Debug;
		};
		410D621E2778A8E200CB6B05 /* Release */ = {
			isa = XCBuildConfiguration;
			baseConfigurationReference = E9AEB321C28831620651ACA1 /* Pods-CombineViper.release.xcconfig */;
			buildSettings = {
				CLANG_ENABLE_MODULES = YES;
				CODE_SIGN_STYLE = Automatic;
				CURRENT_PROJECT_VERSION = 1;
				DEFINES_MODULE = YES;
				DEVELOPMENT_TEAM = 7KNY3VB5QT;
				DYLIB_COMPATIBILITY_VERSION = 1;
				DYLIB_CURRENT_VERSION = 1;
				DYLIB_INSTALL_NAME_BASE = "@rpath";
				GENERATE_INFOPLIST_FILE = YES;
				INFOPLIST_KEY_NSHumanReadableCopyright = "";
				INSTALL_PATH = "$(LOCAL_LIBRARY_DIR)/Frameworks";
				IPHONEOS_DEPLOYMENT_TARGET = 13.0;
				LD_RUNPATH_SEARCH_PATHS = (
					"$(inherited)",
					"@executable_path/Frameworks",
					"@loader_path/Frameworks",
				);
				MARKETING_VERSION = 1.0;
				PRODUCT_BUNDLE_IDENTIFIER = com.mobilefriends.CombineViper;
				PRODUCT_NAME = "$(TARGET_NAME:c99extidentifier)";
				SKIP_INSTALL = YES;
				SUPPORTS_MACCATALYST = NO;
				SWIFT_EMIT_LOC_STRINGS = YES;
				SWIFT_VERSION = 5.0;
				TARGETED_DEVICE_FAMILY = "1,2";
			};
			name = Release;
		};
		41440A5027778830008BBF07 /* Debug */ = {
			isa = XCBuildConfiguration;
			buildSettings = {
				ALWAYS_SEARCH_USER_PATHS = NO;
				CLANG_ANALYZER_NONNULL = YES;
				CLANG_ANALYZER_NUMBER_OBJECT_CONVERSION = YES_AGGRESSIVE;
				CLANG_CXX_LANGUAGE_STANDARD = "gnu++17";
				CLANG_CXX_LIBRARY = "libc++";
				CLANG_ENABLE_MODULES = YES;
				CLANG_ENABLE_OBJC_ARC = YES;
				CLANG_ENABLE_OBJC_WEAK = YES;
				CLANG_WARN_BLOCK_CAPTURE_AUTORELEASING = YES;
				CLANG_WARN_BOOL_CONVERSION = YES;
				CLANG_WARN_COMMA = YES;
				CLANG_WARN_CONSTANT_CONVERSION = YES;
				CLANG_WARN_DEPRECATED_OBJC_IMPLEMENTATIONS = YES;
				CLANG_WARN_DIRECT_OBJC_ISA_USAGE = YES_ERROR;
				CLANG_WARN_DOCUMENTATION_COMMENTS = YES;
				CLANG_WARN_EMPTY_BODY = YES;
				CLANG_WARN_ENUM_CONVERSION = YES;
				CLANG_WARN_INFINITE_RECURSION = YES;
				CLANG_WARN_INT_CONVERSION = YES;
				CLANG_WARN_NON_LITERAL_NULL_CONVERSION = YES;
				CLANG_WARN_OBJC_IMPLICIT_RETAIN_SELF = YES;
				CLANG_WARN_OBJC_LITERAL_CONVERSION = YES;
				CLANG_WARN_OBJC_ROOT_CLASS = YES_ERROR;
				CLANG_WARN_QUOTED_INCLUDE_IN_FRAMEWORK_HEADER = YES;
				CLANG_WARN_RANGE_LOOP_ANALYSIS = YES;
				CLANG_WARN_STRICT_PROTOTYPES = YES;
				CLANG_WARN_SUSPICIOUS_MOVE = YES;
				CLANG_WARN_UNGUARDED_AVAILABILITY = YES_AGGRESSIVE;
				CLANG_WARN_UNREACHABLE_CODE = YES;
				CLANG_WARN__DUPLICATE_METHOD_MATCH = YES;
				COPY_PHASE_STRIP = NO;
				CURRENT_PROJECT_VERSION = 1;
				DEBUG_INFORMATION_FORMAT = dwarf;
				ENABLE_STRICT_OBJC_MSGSEND = YES;
				ENABLE_TESTABILITY = YES;
				GCC_C_LANGUAGE_STANDARD = gnu11;
				GCC_DYNAMIC_NO_PIC = NO;
				GCC_NO_COMMON_BLOCKS = YES;
				GCC_OPTIMIZATION_LEVEL = 0;
				GCC_PREPROCESSOR_DEFINITIONS = (
					"DEBUG=1",
					"$(inherited)",
				);
				GCC_WARN_64_TO_32_BIT_CONVERSION = YES;
				GCC_WARN_ABOUT_RETURN_TYPE = YES_ERROR;
				GCC_WARN_UNDECLARED_SELECTOR = YES;
				GCC_WARN_UNINITIALIZED_AUTOS = YES_AGGRESSIVE;
				GCC_WARN_UNUSED_FUNCTION = YES;
				GCC_WARN_UNUSED_VARIABLE = YES;
				IPHONEOS_DEPLOYMENT_TARGET = 15.0;
				MTL_ENABLE_DEBUG_INFO = INCLUDE_SOURCE;
				MTL_FAST_MATH = YES;
				ONLY_ACTIVE_ARCH = YES;
				SDKROOT = iphoneos;
				SWIFT_ACTIVE_COMPILATION_CONDITIONS = DEBUG;
				SWIFT_OPTIMIZATION_LEVEL = "-Onone";
				VERSIONING_SYSTEM = "apple-generic";
				VERSION_INFO_PREFIX = "";
			};
			name = Debug;
		};
		41440A5127778830008BBF07 /* Release */ = {
			isa = XCBuildConfiguration;
			buildSettings = {
				ALWAYS_SEARCH_USER_PATHS = NO;
				CLANG_ANALYZER_NONNULL = YES;
				CLANG_ANALYZER_NUMBER_OBJECT_CONVERSION = YES_AGGRESSIVE;
				CLANG_CXX_LANGUAGE_STANDARD = "gnu++17";
				CLANG_CXX_LIBRARY = "libc++";
				CLANG_ENABLE_MODULES = YES;
				CLANG_ENABLE_OBJC_ARC = YES;
				CLANG_ENABLE_OBJC_WEAK = YES;
				CLANG_WARN_BLOCK_CAPTURE_AUTORELEASING = YES;
				CLANG_WARN_BOOL_CONVERSION = YES;
				CLANG_WARN_COMMA = YES;
				CLANG_WARN_CONSTANT_CONVERSION = YES;
				CLANG_WARN_DEPRECATED_OBJC_IMPLEMENTATIONS = YES;
				CLANG_WARN_DIRECT_OBJC_ISA_USAGE = YES_ERROR;
				CLANG_WARN_DOCUMENTATION_COMMENTS = YES;
				CLANG_WARN_EMPTY_BODY = YES;
				CLANG_WARN_ENUM_CONVERSION = YES;
				CLANG_WARN_INFINITE_RECURSION = YES;
				CLANG_WARN_INT_CONVERSION = YES;
				CLANG_WARN_NON_LITERAL_NULL_CONVERSION = YES;
				CLANG_WARN_OBJC_IMPLICIT_RETAIN_SELF = YES;
				CLANG_WARN_OBJC_LITERAL_CONVERSION = YES;
				CLANG_WARN_OBJC_ROOT_CLASS = YES_ERROR;
				CLANG_WARN_QUOTED_INCLUDE_IN_FRAMEWORK_HEADER = YES;
				CLANG_WARN_RANGE_LOOP_ANALYSIS = YES;
				CLANG_WARN_STRICT_PROTOTYPES = YES;
				CLANG_WARN_SUSPICIOUS_MOVE = YES;
				CLANG_WARN_UNGUARDED_AVAILABILITY = YES_AGGRESSIVE;
				CLANG_WARN_UNREACHABLE_CODE = YES;
				CLANG_WARN__DUPLICATE_METHOD_MATCH = YES;
				COPY_PHASE_STRIP = NO;
				CURRENT_PROJECT_VERSION = 1;
				DEBUG_INFORMATION_FORMAT = "dwarf-with-dsym";
				ENABLE_NS_ASSERTIONS = NO;
				ENABLE_STRICT_OBJC_MSGSEND = YES;
				GCC_C_LANGUAGE_STANDARD = gnu11;
				GCC_NO_COMMON_BLOCKS = YES;
				GCC_WARN_64_TO_32_BIT_CONVERSION = YES;
				GCC_WARN_ABOUT_RETURN_TYPE = YES_ERROR;
				GCC_WARN_UNDECLARED_SELECTOR = YES;
				GCC_WARN_UNINITIALIZED_AUTOS = YES_AGGRESSIVE;
				GCC_WARN_UNUSED_FUNCTION = YES;
				GCC_WARN_UNUSED_VARIABLE = YES;
				IPHONEOS_DEPLOYMENT_TARGET = 15.0;
				MTL_ENABLE_DEBUG_INFO = NO;
				MTL_FAST_MATH = YES;
				SDKROOT = iphoneos;
				SWIFT_COMPILATION_MODE = wholemodule;
				SWIFT_OPTIMIZATION_LEVEL = "-O";
				VALIDATE_PRODUCT = YES;
				VERSIONING_SYSTEM = "apple-generic";
				VERSION_INFO_PREFIX = "";
			};
			name = Release;
		};
		41440A5327778830008BBF07 /* Debug */ = {
			isa = XCBuildConfiguration;
			baseConfigurationReference = 05DD750C8E43840CBE0FA769 /* Pods-UIKitExtensions.debug.xcconfig */;
			buildSettings = {
				CODE_SIGN_STYLE = Automatic;
				CURRENT_PROJECT_VERSION = 1;
				DEFINES_MODULE = YES;
				DEVELOPMENT_TEAM = 7KNY3VB5QT;
				DYLIB_COMPATIBILITY_VERSION = 1;
				DYLIB_CURRENT_VERSION = 1;
				DYLIB_INSTALL_NAME_BASE = "@rpath";
				GENERATE_INFOPLIST_FILE = YES;
				INFOPLIST_KEY_NSHumanReadableCopyright = "";
				INSTALL_PATH = "$(LOCAL_LIBRARY_DIR)/Frameworks";
				IPHONEOS_DEPLOYMENT_TARGET = 13.0;
				LD_RUNPATH_SEARCH_PATHS = (
					"$(inherited)",
					"@executable_path/Frameworks",
					"@loader_path/Frameworks",
				);
				MARKETING_VERSION = 1.0;
				PRODUCT_BUNDLE_IDENTIFIER = com.mobilefriends.UIKitExtensions;
				PRODUCT_NAME = "$(TARGET_NAME:c99extidentifier)";
				SKIP_INSTALL = YES;
				SUPPORTS_MACCATALYST = NO;
				SWIFT_EMIT_LOC_STRINGS = YES;
				SWIFT_VERSION = 5.0;
				TARGETED_DEVICE_FAMILY = "1,2";
			};
			name = Debug;
		};
		41440A5427778830008BBF07 /* Release */ = {
			isa = XCBuildConfiguration;
			baseConfigurationReference = 2CA4E7471EA93A2BA8007C68 /* Pods-UIKitExtensions.release.xcconfig */;
			buildSettings = {
				CODE_SIGN_STYLE = Automatic;
				CURRENT_PROJECT_VERSION = 1;
				DEFINES_MODULE = YES;
				DEVELOPMENT_TEAM = 7KNY3VB5QT;
				DYLIB_COMPATIBILITY_VERSION = 1;
				DYLIB_CURRENT_VERSION = 1;
				DYLIB_INSTALL_NAME_BASE = "@rpath";
				GENERATE_INFOPLIST_FILE = YES;
				INFOPLIST_KEY_NSHumanReadableCopyright = "";
				INSTALL_PATH = "$(LOCAL_LIBRARY_DIR)/Frameworks";
				IPHONEOS_DEPLOYMENT_TARGET = 13.0;
				LD_RUNPATH_SEARCH_PATHS = (
					"$(inherited)",
					"@executable_path/Frameworks",
					"@loader_path/Frameworks",
				);
				MARKETING_VERSION = 1.0;
				PRODUCT_BUNDLE_IDENTIFIER = com.mobilefriends.UIKitExtensions;
				PRODUCT_NAME = "$(TARGET_NAME:c99extidentifier)";
				SKIP_INSTALL = YES;
				SUPPORTS_MACCATALYST = NO;
				SWIFT_EMIT_LOC_STRINGS = YES;
				SWIFT_VERSION = 5.0;
				TARGETED_DEVICE_FAMILY = "1,2";
			};
			name = Release;
		};
/* End XCBuildConfiguration section */

/* Begin XCConfigurationList section */
		410D620C2778A54B00CB6B05 /* Build configuration list for PBXNativeTarget "SwiftExtensions" */ = {
			isa = XCConfigurationList;
			buildConfigurations = (
				410D620A2778A54B00CB6B05 /* Debug */,
				410D620B2778A54B00CB6B05 /* Release */,
			);
			defaultConfigurationIsVisible = 0;
			defaultConfigurationName = Release;
		};
		410D621C2778A8E200CB6B05 /* Build configuration list for PBXNativeTarget "CombineViper" */ = {
			isa = XCConfigurationList;
			buildConfigurations = (
				410D621D2778A8E200CB6B05 /* Debug */,
				410D621E2778A8E200CB6B05 /* Release */,
			);
			defaultConfigurationIsVisible = 0;
			defaultConfigurationName = Release;
		};
		41440A4327778830008BBF07 /* Build configuration list for PBXProject "UIKitExtensions" */ = {
			isa = XCConfigurationList;
			buildConfigurations = (
				41440A5027778830008BBF07 /* Debug */,
				41440A5127778830008BBF07 /* Release */,
			);
			defaultConfigurationIsVisible = 0;
			defaultConfigurationName = Release;
		};
		41440A5227778830008BBF07 /* Build configuration list for PBXNativeTarget "UIKitExtensions" */ = {
			isa = XCConfigurationList;
			buildConfigurations = (
				41440A5327778830008BBF07 /* Debug */,
				41440A5427778830008BBF07 /* Release */,
			);
			defaultConfigurationIsVisible = 0;
			defaultConfigurationName = Release;
		};
/* End XCConfigurationList section */
	};
	rootObject = 41440A4027778830008BBF07 /* Project object */;
}
